<?xml version="1.0" encoding="utf-8"?>
<Project ToolsVersion="4.0" xmlns="http://schemas.microsoft.com/developer/msbuild/2003">
  <ItemGroup>
    <Filter Include="Source Files">
      <UniqueIdentifier>{4FC737F1-C7A5-4376-A066-2A32D752A2FF}</UniqueIdentifier>
      <Extensions>cpp;c;cc;cxx;c++;cppm;ixx;def;odl;idl;hpj;bat;asm;asmx</Extensions>
    </Filter>
    <Filter Include="Header Files">
      <UniqueIdentifier>{93995380-89BD-4b04-88EB-625FBE52EBFB}</UniqueIdentifier>
      <Extensions>h;hh;hpp;hxx;h++;hm;inl;inc;ipp;xsd</Extensions>
    </Filter>
    <Filter Include="Resource Files">
      <UniqueIdentifier>{67DA6AB6-F800-4c08-8B7A-83BB121AAD01}</UniqueIdentifier>
      <Extensions>rc;ico;cur;bmp;dlg;rc2;rct;bin;rgs;gif;jpg;jpeg;jpe;resx;tiff;tif;png;wav;mfcribbon-ms</Extensions>
    </Filter>
    <Filter Include="Source Files\state_processing">
      <UniqueIdentifier>{91d93d21-51e4-465a-a008-adfbd67297d3}</UniqueIdentifier>
    </Filter>
    <Filter Include="Header Files\state_processing">
      <UniqueIdentifier>{6f201052-d197-435e-a810-fef994359e2e}</UniqueIdentifier>
    </Filter>
  </ItemGroup>
  <ItemGroup>
    <ClCompile Include="Button.cpp">
      <Filter>Source Files</Filter>
    </ClCompile>
    <ClCompile Include="Character.cpp">
      <Filter>Source Files</Filter>
    </ClCompile>
    <ClCompile Include="GameChunk.cpp">
      <Filter>Source Files</Filter>
    </ClCompile>
    <ClCompile Include="Menu.cpp">
      <Filter>Source Files</Filter>
    </ClCompile>
    <ClCompile Include="NonplayerCharacter.cpp">
      <Filter>Source Files</Filter>
    </ClCompile>
    <ClCompile Include="PlayerCharacter.cpp">
      <Filter>Source Files</Filter>
    </ClCompile>
    <ClCompile Include="state_machine.cpp">
      <Filter>Source Files</Filter>
    </ClCompile>
    <ClCompile Include="vis_lib\VisLib.cpp">
      <Filter>Source Files</Filter>
    </ClCompile>
    <ClCompile Include="maze_gen\MaGe.cpp">
      <Filter>Source Files</Filter>
    </ClCompile>
    <ClCompile Include="input_processing\InputProcessing.cpp">
      <Filter>Source Files</Filter>
    </ClCompile>
    <ClCompile Include="vis_lib\GameElement.cpp">
      <Filter>Source Files</Filter>
    </ClCompile>
    <ClCompile Include="GameStateProcessing.cpp">
      <Filter>Source Files\state_processing</Filter>
    </ClCompile>
    <ClCompile Include="MenusStateProcessing.cpp">
      <Filter>Source Files\state_processing</Filter>
    </ClCompile>
  </ItemGroup>
  <ItemGroup>
    <ClInclude Include="Button.h">
      <Filter>Header Files</Filter>
    </ClInclude>
    <ClInclude Include="Character.h">
      <Filter>Header Files</Filter>
    </ClInclude>
    <ClInclude Include="GameChunk.h">
      <Filter>Header Files</Filter>
    </ClInclude>
    <ClInclude Include="Menu.h">
      <Filter>Header Files</Filter>
    </ClInclude>
    <ClInclude Include="Utils.h">
      <Filter>Header Files</Filter>
    </ClInclude>
    <ClInclude Include="vis_lib\GameElement.h">
      <Filter>Header Files</Filter>
    </ClInclude>
    <ClInclude Include="input_processing\InputProcessing.h">
      <Filter>Header Files</Filter>
    </ClInclude>
    <ClInclude Include="maze_gen\MaGe.h">
      <Filter>Header Files</Filter>
    </ClInclude>
    <ClInclude Include="vis_lib\VisLib.h">
      <Filter>Header Files</Filter>
    </ClInclude>
    <ClInclude Include="GameStateProcessing.h">
      <Filter>Header Files\state_processing</Filter>
    </ClInclude>
    <ClInclude Include="StateProcessing.h">
      <Filter>Header Files\state_processing</Filter>
    </ClInclude>
    <ClInclude Include="MenusStateProcessing.h">
      <Filter>Header Files\state_processing</Filter>
    </ClInclude>
  </ItemGroup>
</Project>